
Microsoft Visual Studio Solution File, Format Version 12.00
# Visual Studio Version 17
VisualStudioVersion = 17.5.002.0
MinimumVisualStudioVersion = 10.0.40219.1
Project("{9A19103F-16F7-4668-BE54-9A1E7A4F7556}") = "FirstBlazor", "FirstBlazoro\FirstBlazor.csproj", "{E4AAA0D4-7A8F-443F-8A0D-35445E11FF05}"
EndProject
Project("{9A19103F-16F7-4668-BE54-9A1E7A4F7556}") = "FirstConsole", "FirstConsole\FirstConsole.csproj", "{56C7B45C-AECC-4E09-86E6-D90543B5946F}"
EndProject
Project("{9A19103F-16F7-4668-BE54-9A1E7A4F7556}") = "FirstMVC", "FirstMVC\FirstMVC.csproj", "{93C05875-6A76-4428-A17A-E9A4DC32E0D4}"
EndProject
Global
	GlobalSection(SolutionConfigurationPlatforms) = preSolution
		Debug|Any CPU = Debug|Any CPU
		Release|Any CPU = Release|Any CPU
	EndGlobalSection
	GlobalSection(ProjectConfigurationPlatforms) = postSolution
		{E4AAA0D4-7A8F-443F-8A0D-35445E11FF05}.Debug|Any CPU.ActiveCfg = Debug|Any CPU
		{E4AAA0D4-7A8F-443F-8A0D-35445E11FF05}.Debug|Any CPU.Build.0 = Debug|Any CPU
		{E4AAA0D4-7A8F-443F-8A0D-35445E11FF05}.Release|Any CPU.ActiveCfg = Release|Any CPU
		{E4AAA0D4-7A8F-443F-8A0D-35445E11FF05}.Release|Any CPU.Build.0 = Release|Any CPU
		{56C7B45C-AECC-4E09-86E6-D90543B5946F}.Debug|Any CPU.ActiveCfg = Debug|Any CPU
		{56C7B45C-AECC-4E09-86E6-D90543B5946F}.Debug|Any CPU.Build.0 = Debug|Any CPU
		{56C7B45C-AECC-4E09-86E6-D90543B5946F}.Release|Any CPU.ActiveCfg = Release|Any CPU
		{56C7B45C-AECC-4E09-86E6-D90543B5946F}.Release|Any CPU.Build.0 = Release|Any CPU
		{93C05875-6A76-4428-A17A-E9A4DC32E0D4}.Debug|Any CPU.ActiveCfg = Debug|Any CPU
		{93C05875-6A76-4428-A17A-E9A4DC32E0D4}.Debug|Any CPU.Build.0 = Debug|Any CPU
		{93C05875-6A76-4428-A17A-E9A4DC32E0D4}.Release|Any CPU.ActiveCfg = Release|Any CPU
		{93C05875-6A76-4428-A17A-E9A4DC32E0D4}.Release|Any CPU.Build.0 = Release|Any CPU
	EndGlobalSection
	GlobalSection(SolutionProperties) = preSolution
		HideSolutionNode = FALSE
	EndGlobalSection
	GlobalSection(ExtensibilityGlobals) = postSolution
		SolutionGuid = {B04A7C72-F6B0-4505-A571-8135ED322D7D}
	EndGlobalSection
EndGlobal
